// !$*UTF8*$!
{
	archiveVersion = 1;
	classes = {
	};
	objectVersion = 46;
	objects = {

/* Begin PBXBuildFile section */
		08F9BCAB1D31937300E2EFE0 /* AppDelegate.swift in Sources */ = {isa = PBXBuildFile; fileRef = 08F9BCAA1D31937300E2EFE0 /* AppDelegate.swift */; };
		08F9BCAD1D31937300E2EFE0 /* ViewController.swift in Sources */ = {isa = PBXBuildFile; fileRef = 08F9BCAC1D31937300E2EFE0 /* ViewController.swift */; };
		08F9BCB01D31937300E2EFE0 /* Main.storyboard in Resources */ = {isa = PBXBuildFile; fileRef = 08F9BCAE1D31937300E2EFE0 /* Main.storyboard */; };
		08F9BCB21D31937300E2EFE0 /* Assets.xcassets in Resources */ = {isa = PBXBuildFile; fileRef = 08F9BCB11D31937300E2EFE0 /* Assets.xcassets */; };
		08F9BCB51D31937300E2EFE0 /* LaunchScreen.storyboard in Resources */ = {isa = PBXBuildFile; fileRef = 08F9BCB31D31937300E2EFE0 /* LaunchScreen.storyboard */; };
		08F9BCC21D31AB1700E2EFE0 /* JSON.swift in Sources */ = {isa = PBXBuildFile; fileRef = 08F9BCC01D31AB1700E2EFE0 /* JSON.swift */; };
		08F9BCC31D31AB1700E2EFE0 /* PublicArt.json in Resources */ = {isa = PBXBuildFile; fileRef = 08F9BCC11D31AB1700E2EFE0 /* PublicArt.json */; };
		08F9BCC51D31AD2500E2EFE0 /* Artwork.swift in Sources */ = {isa = PBXBuildFile; fileRef = 08F9BCC41D31AD2500E2EFE0 /* Artwork.swift */; };
		08F9BCC71D31B2F300E2EFE0 /* VCMapView.swift in Sources */ = {isa = PBXBuildFile; fileRef = 08F9BCC61D31B2F300E2EFE0 /* VCMapView.swift */; };
/* End PBXBuildFile section */

/* Begin PBXFileReference section */
		08F9BCA71D31937300E2EFE0 /* HonoluluArt.app */ = {isa = PBXFileReference; explicitFileType = wrapper.application; includeInIndex = 0; path = HonoluluArt.app; sourceTree = BUILT_PRODUCTS_DIR; };
		08F9BCAA1D31937300E2EFE0 /* AppDelegate.swift */ = {isa = PBXFileReference; lastKnownFileType = sourcecode.swift; path = AppDelegate.swift; sourceTree = "<group>"; };
		08F9BCAC1D31937300E2EFE0 /* ViewController.swift */ = {isa = PBXFileReference; lastKnownFileType = sourcecode.swift; path = ViewController.swift; sourceTree = "<group>"; };
		08F9BCAF1D31937300E2EFE0 /* Base */ = {isa = PBXFileReference; lastKnownFileType = file.storyboard; name = Base; path = Base.lproj/Main.storyboard; sourceTree = "<group>"; };
		08F9BCB11D31937300E2EFE0 /* Assets.xcassets */ = {isa = PBXFileReference; lastKnownFileType = folder.assetcatalog; path = Assets.xcassets; sourceTree = "<group>"; };
		08F9BCB41D31937300E2EFE0 /* Base */ = {isa = PBXFileReference; lastKnownFileType = file.storyboard; name = Base; path = Base.lproj/LaunchScreen.storyboard; sourceTree = "<group>"; };
		08F9BCB61D31937300E2EFE0 /* Info.plist */ = {isa = PBXFileReference; lastKnownFileType = text.plist.xml; path = Info.plist; sourceTree = "<group>"; };
		08F9BCC01D31AB1700E2EFE0 /* JSON.swift */ = {isa = PBXFileReference; fileEncoding = 4; lastKnownFileType = sourcecode.swift; path = JSON.swift; sourceTree = "<group>"; };
		08F9BCC11D31AB1700E2EFE0 /* PublicArt.json */ = {isa = PBXFileReference; fileEncoding = 4; lastKnownFileType = text.json; path = PublicArt.json; sourceTree = "<group>"; };
		08F9BCC41D31AD2500E2EFE0 /* Artwork.swift */ = {isa = PBXFileReference; fileEncoding = 4; lastKnownFileType = sourcecode.swift; path = Artwork.swift; sourceTree = "<group>"; };
		08F9BCC61D31B2F300E2EFE0 /* VCMapView.swift */ = {isa = PBXFileReference; fileEncoding = 4; lastKnownFileType = sourcecode.swift; path = VCMapView.swift; sourceTree = "<group>"; };
/* End PBXFileReference section */

/* Begin PBXFrameworksBuildPhase section */
		08F9BCA41D31937300E2EFE0 /* Frameworks */ = {
			isa = PBXFrameworksBuildPhase;
			buildActionMask = 2147483647;
			files = (
			);
			runOnlyForDeploymentPostprocessing = 0;
		};
/* End PBXFrameworksBuildPhase section */

/* Begin PBXGroup section */
		08F9BC9E1D31937300E2EFE0 = {
			isa = PBXGroup;
			children = (
				08F9BCA91D31937300E2EFE0 /* HonoluluArt */,
				08F9BCA81D31937300E2EFE0 /* Products */,
			);
			sourceTree = "<group>";
		};
		08F9BCA81D31937300E2EFE0 /* Products */ = {
			isa = PBXGroup;
			children = (
				08F9BCA71D31937300E2EFE0 /* HonoluluArt.app */,
			);
			name = Products;
			sourceTree = "<group>";
		};
		08F9BCA91D31937300E2EFE0 /* HonoluluArt */ = {
			isa = PBXGroup;
			children = (
				08F9BCC01D31AB1700E2EFE0 /* JSON.swift */,
				08F9BCC11D31AB1700E2EFE0 /* PublicArt.json */,
				08F9BCAA1D31937300E2EFE0 /* AppDelegate.swift */,
				08F9BCAC1D31937300E2EFE0 /* ViewController.swift */,
				08F9BCAE1D31937300E2EFE0 /* Main.storyboard */,
				08F9BCB11D31937300E2EFE0 /* Assets.xcassets */,
				08F9BCB31D31937300E2EFE0 /* LaunchScreen.storyboard */,
				08F9BCB61D31937300E2EFE0 /* Info.plist */,
				08F9BCC41D31AD2500E2EFE0 /* Artwork.swift */,
				08F9BCC61D31B2F300E2EFE0 /* VCMapView.swift */,
			);
			path = HonoluluArt;
			sourceTree = "<group>";
		};
/* End PBXGroup section */

/* Begin PBXNativeTarget section */
		08F9BCA61D31937300E2EFE0 /* HonoluluArt */ = {
			isa = PBXNativeTarget;
			buildConfigurationList = 08F9BCB91D31937300E2EFE0 /* Build configuration list for PBXNativeTarget "HonoluluArt" */;
			buildPhases = (
				08F9BCA31D31937300E2EFE0 /* Sources */,
				08F9BCA41D31937300E2EFE0 /* Frameworks */,
				08F9BCA51D31937300E2EFE0 /* Resources */,
			);
			buildRules = (
			);
			dependencies = (
			);
			name = HonoluluArt;
			productName = HonoluluArt;
			productReference = 08F9BCA71D31937300E2EFE0 /* HonoluluArt.app */;
			productType = "com.apple.product-type.application";
		};
/* End PBXNativeTarget section */

/* Begin PBXProject section */
		08F9BC9F1D31937300E2EFE0 /* Project object */ = {
			isa = PBXProject;
			attributes = {
				LastSwiftUpdateCheck = 0730;
				LastUpgradeCheck = 0730;
				ORGANIZATIONNAME = "TJ Maynes";
				TargetAttributes = {
					08F9BCA61D31937300E2EFE0 = {
						CreatedOnToolsVersion = 7.3.1;
					};
				};
			};
			buildConfigurationList = 08F9BCA21D31937300E2EFE0 /* Build configuration list for PBXProject "HonoluluArt" */;
			compatibilityVersion = "Xcode 3.2";
			developmentRegion = English;
			hasScannedForEncodings = 0;
			knownRegions = (
				en,
				Base,
			);
			mainGroup = 08F9BC9E1D31937300E2EFE0;
			productRefGroup = 08F9BCA81D31937300E2EFE0 /* Products */;
			projectDirPath = "";
			projectRoot = "";
			targets = (
				08F9BCA61D31937300E2EFE0 /* HonoluluArt */,
			);
		};
/* End PBXProject section */

/* Begin PBXResourcesBuildPhase section */
		08F9BCA51D31937300E2EFE0 /* Resources */ = {
			isa = PBXResourcesBuildPhase;
			buildActionMask = 2147483647;
			files = (
				08F9BCC31D31AB1700E2EFE0 /* PublicArt.json in Resources */,
				08F9BCB51D31937300E2EFE0 /* LaunchScreen.storyboard in Resources */,
				08F9BCB21D31937300E2EFE0 /* Assets.xcassets in Resources */,
				08F9BCB01D31937300E2EFE0 /* Main.storyboard in Resources */,
			);
			runOnlyForDeploymentPostprocessing = 0;
		};
/* End PBXResourcesBuildPhase section */

/* Begin PBXSourcesBuildPhase section */
		08F9BCA31D31937300E2EFE0 /* Sources */ = {
			isa = PBXSourcesBuildPhase;
			buildActionMask = 2147483647;
			files = (
				08F9BCC21D31AB1700E2EFE0 /* JSON.swift in Sources */,
				08F9BCAD1D31937300E2EFE0 /* ViewController.swift in Sources */,
				08F9BCC71D31B2F300E2EFE0 /* VCMapView.swift in Sources */,
				08F9BCC51D31AD2500E2EFE0 /* Artwork.swift in Sources */,
				08F9BCAB1D31937300E2EFE0 /* AppDelegate.swift in Sources */,
			);
			runOnlyForDeploymentPostprocessing = 0;
		};
/* End PBXSourcesBuildPhase section */

/* Begin PBXVariantGroup section */
		08F9BCAE1D31937300E2EFE0 /* Main.storyboard */ = {
			isa = PBXVariantGroup;
			children = (
				08F9BCAF1D31937300E2EFE0 /* Base */,
			);
			name = Main.storyboard;
			sourceTree = "<group>";
		};
		08F9BCB31D31937300E2EFE0 /* LaunchScreen.storyboard */ = {
			isa = PBXVariantGroup;
			children = (
				08F9BCB41D31937300E2EFE0 /* Base */,
			);
			name = LaunchScreen.storyboard;
			sourceTree = "<group>";
		};
/* End PBXVariantGroup section */

/* Begin XCBuildConfiguration section */
		08F9BCB71D31937300E2EFE0 /* Debug */ = {
			isa = XCBuildConfiguration;
			buildSettings = {
				ALWAYS_SEARCH_USER_PATHS = NO;
				CLANG_ANALYZER_NONNULL = YES;
				CLANG_CXX_LANGUAGE_STANDARD = "gnu++0x";
				CLANG_CXX_LIBRARY = "libc++";
				CLANG_ENABLE_MODULES = YES;
				CLANG_ENABLE_OBJC_ARC = YES;
				CLANG_WARN_BOOL_CONVERSION = YES;
				CLANG_WARN_CONSTANT_CONVERSION = YES;
				CLANG_WARN_DIRECT_OBJC_ISA_USAGE = YES_ERROR;
				CLANG_WARN_EMPTY_BODY = YES;
				CLANG_WARN_ENUM_CONVERSION = YES;
				CLANG_WARN_INT_CONVERSION = YES;
				CLANG_WARN_OBJC_ROOT_CLASS = YES_ERROR;
				CLANG_WARN_UNREACHABLE_CODE = YES;
				CLANG_WARN__DUPLICATE_METHOD_MATCH = YES;
				"CODE_SIGN_IDENTITY[sdk=iphoneos*]" = "iPhone Developer";
				COPY_PHASE_STRIP = NO;
				DEBUG_INFORMATION_FORMAT = dwarf;
				ENABLE_STRICT_OBJC_MSGSEND = YES;
				ENABLE_TESTABILITY = YES;
				GCC_C_LANGUAGE_STANDARD = gnu99;
				GCC_DYNAMIC_NO_PIC = NO;
				GCC_NO_COMMON_BLOCKS = YES;
				GCC_OPTIMIZATION_LEVEL = 0;
				GCC_PREPROCESSOR_DEFINITIONS = (
					"DEBUG=1",
					"$(inherited)",
				);
				GCC_WARN_64_TO_32_BIT_CONVERSION = YES;
				GCC_WARN_ABOUT_RETURN_TYPE = YES_ERROR;
				GCC_WARN_UNDECLARED_SELECTOR = YES;
				GCC_WARN_UNINITIALIZED_AUTOS = YES_AGGRESSIVE;
				GCC_WARN_UNUSED_FUNCTION = YES;
				GCC_WARN_UNUSED_VARIABLE = YES;
				IPHONEOS_DEPLOYMENT_TARGET = 9.3;
				MTL_ENABLE_DEBUG_INFO = YES;
				ONLY_ACTIVE_ARCH = YES;
				SDKROOT = iphoneos;
				SWIFT_OPTIMIZATION_LEVEL = "-Onone";
			};
			name = Debug;
		};
		08F9BCB81D31937300E2EFE0 /* Release */ = {
			isa = XCBuildConfiguration;
			buildSettings = {
				ALWAYS_SEARCH_USER_PATHS = NO;
				CLANG_ANALYZER_NONNULL = YES;
				CLANG_CXX_LANGUAGE_STANDARD = "gnu++0x";
				CLANG_CXX_LIBRARY = "libc++";
				CLANG_ENABLE_MODULES = YES;
				CLANG_ENABLE_OBJC_ARC = YES;
				CLANG_WARN_BOOL_CONVERSION = YES;
				CLANG_WARN_CONSTANT_CONVERSION = YES;
				CLANG_WARN_DIRECT_OBJC_ISA_USAGE = YES_ERROR;
				CLANG_WARN_EMPTY_BODY = YES;
				CLANG_WARN_ENUM_CONVERSION = YES;
				CLANG_WARN_INT_CONVERSION = YES;
				CLANG_WARN_OBJC_ROOT_CLASS = YES_ERROR;
				CLANG_WARN_UNREACHABLE_CODE = YES;
				CLANG_WARN__DUPLICATE_METHOD_MATCH = YES;
				"CODE_SIGN_IDENTITY[sdk=iphoneos*]" = "iPhone Developer";
				COPY_PHASE_STRIP = NO;
				DEBUG_INFORMATION_FORMAT = "dwarf-with-dsym";
				ENABLE_NS_ASSERTIONS = NO;
				ENABLE_STRICT_OBJC_MSGSEND = YES;
				GCC_C_LANGUAGE_STANDARD = gnu99;
				GCC_NO_COMMON_BLOCKS = YES;
				GCC_WARN_64_TO_32_BIT_CONVERSION = YES;
				GCC_WARN_ABOUT_RETURN_TYPE = YES_ERROR;
				GCC_WARN_UNDECLARED_SELECTOR = YES;
				GCC_WARN_UNINITIALIZED_AUTOS = YES_AGGRESSIVE;
				GCC_WARN_UNUSED_FUNCTION = YES;
				GCC_WARN_UNUSED_VARIABLE = YES;
				IPHONEOS_DEPLOYMENT_TARGET = 9.3;
				MTL_ENABLE_DEBUG_INFO = NO;
				SDKROOT = iphoneos;
				VALIDATE_PRODUCT = YES;
			};
			name = Release;
		};
		08F9BCBA1D31937300E2EFE0 /* Debug */ = {
			isa = XCBuildConfiguration;
			buildSettings = {
				ASSETCATALOG_COMPILER_APPICON_NAME = AppIcon;
				INFOPLIST_FILE = HonoluluArt/Info.plist;
				LD_RUNPATH_SEARCH_PATHS = "$(inherited) @executable_path/Frameworks";
				PRODUCT_BUNDLE_IDENTIFIER = tjmaynes.HonoluluArt;
				PRODUCT_NAME = "$(TARGET_NAME)";
			};
			name = Debug;
		};
		08F9BCBB1D31937300E2EFE0 /* Release */ = {
			isa = XCBuildConfiguration;
			buildSettings = {
				ASSETCATALOG_COMPILER_APPICON_NAME = AppIcon;
				INFOPLIST_FILE = HonoluluArt/Info.plist;
				LD_RUNPATH_SEARCH_PATHS = "$(inherited) @executable_path/Frameworks";
				PRODUCT_BUNDLE_IDENTIFIER = tjmaynes.HonoluluArt;
				PRODUCT_NAME = "$(TARGET_NAME)";
			};
			name = Release;
		};
/* End XCBuildConfiguration section */

/* Begin XCConfigurationList section */
		08F9BCA21D31937300E2EFE0 /* Build configuration list for PBXProject "HonoluluArt" */ = {
			isa = XCConfigurationList;
			buildConfigurations = (
				08F9BCB71D31937300E2EFE0 /* Debug */,
				08F9BCB81D31937300E2EFE0 /* Release */,
			);
			defaultConfigurationIsVisible = 0;
			defaultConfigurationName = Release;
		};
		08F9BCB91D31937300E2EFE0 /* Build configuration list for PBXNativeTarget "HonoluluArt" */ = {
			isa = XCConfigurationList;
			buildConfigurations = (
				08F9BCBA1D31937300E2EFE0 /* Debug */,
				08F9BCBB1D31937300E2EFE0 /* Release */,
			);
			defaultConfigurationIsVisible = 0;
		};
/* End XCConfigurationList section */
	};
	rootObject = 08F9BC9F1D31937300E2EFE0 /* Project object */;
}
